<?xml version="1.0" encoding="UTF-8" standalone="yes" ?>
<CodeBlocks_project_file>
	<FileVersion major="1" minor="6" />
	<Project>
		<Option title="Mini Jim" />
		<Option pch_mode="2" />
		<Option compiler="gcc" />
		<Build>
			<Target title="default">
				<Option output="build/Mini Jim" prefix_auto="1" extension_auto="1" />
				<Option working_dir="build" />
				<Option object_output="output" />
				<Option type="1" />
				<Option compiler="gcc" />
				<Compiler>
					<Add option="-static" />
				</Compiler>
				<Linker>
					<Add option="-lalleg44" />
				</Linker>
			</Target>
			<Target title="linux">
				<Option output="build/Mini Jim" prefix_auto="1" extension_auto="1" />
				<Option working_dir="build" />
				<Option object_output="output" />
				<Option type="1" />
				<Option compiler="gcc" />
				<Compiler>
					<Add option="-static" />
				</Compiler>
				<Linker>
					<Add option="-lalleg" />
				</Linker>
			</Target>
		</Build>
		<Compiler>
			<Add option="-Wnon-virtual-dtor" />
			<Add option="-Wcast-align" />
			<Add option="-Wundef" />
			<Add option="-Wfloat-equal" />
			<Add option="-Wunreachable-code" />
			<Add option="-Wmissing-include-dirs" />
			<Add option="-Wswitch-enum" />
			<Add option="-Wswitch-default" />
			<Add option="-Wzero-as-null-pointer-constant" />
			<Add option="-Wmain" />
			<Add option="-pedantic" />
			<Add option="-Wextra" />
			<Add option="-Wall" />
			<Add option="-std=c++14" />
			<Add option="-g" />
			<Add option="-static" />
			<Add directory="include" />
		</Compiler>
		<Linker>
			<Add option="-llogg" />
			<Add option="-lvorbisfile" />
			<Add option="-lvorbis" />
			<Add option="-logg" />
			<Add option="-lloadpng" />
		</Linker>
		<Unit filename="include/Camera.h" />
		<Unit filename="include/Editor.h" />
		<Unit filename="include/Game.h" />
		<Unit filename="include/Init.h" />
		<Unit filename="include/Intro.h" />
		<Unit filename="include/Menu.h" />
		<Unit filename="include/Player.h" />
		<Unit filename="include/State.h" />
		<Unit filename="include/Tile.h" />
		<Unit filename="include/TileMap.h" />
		<Unit filename="include/TileType.h" />
		<Unit filename="include/TileTypeLoader.h" />
		<Unit filename="include/globals.h" />
		<Unit filename="include/ui/Button.h" />
		<Unit filename="include/ui/InputBox.h" />
		<Unit filename="include/utility/JoystickListener.h" />
		<Unit filename="include/utility/KeyListener.h" />
		<Unit filename="include/utility/MouseListener.h" />
		<Unit filename="include/utility/Timer.h" />
		<Unit filename="include/utility/tools.h" />
		<Unit filename="res/resources.rc">
			<Option compilerVar="WINDRES" />
		</Unit>
		<Unit filename="src/Camera.cpp" />
		<Unit filename="src/Editor.cpp" />
		<Unit filename="src/Game.cpp" />
		<Unit filename="src/Init.cpp" />
		<Unit filename="src/Intro.cpp" />
		<Unit filename="src/Menu.cpp" />
		<Unit filename="src/Player.cpp" />
		<Unit filename="src/State.cpp" />
		<Unit filename="src/Tile.cpp" />
		<Unit filename="src/TileMap.cpp" />
		<Unit filename="src/TileType.cpp" />
		<Unit filename="src/TileTypeLoader.cpp" />
		<Unit filename="src/globals.cpp" />
		<Unit filename="src/main.cpp" />
		<Unit filename="src/ui/Button.cpp" />
		<Unit filename="src/ui/InputBox.cpp" />
		<Unit filename="src/utility/JoystickListener.cpp" />
		<Unit filename="src/utility/KeyListener.cpp" />
		<Unit filename="src/utility/MouseListener.cpp" />
		<Unit filename="src/utility/Timer.cpp" />
		<Unit filename="src/utility/tools.cpp" />
		<Extensions>
			<code_completion />
			<envvars />
			<debugger />
		</Extensions>
	</Project>
</CodeBlocks_project_file>
